[[dependencies]]
name = "@openzeppelin-contracts"
version = "4.2.0"
url = "https://soldeer-revisions.s3.amazonaws.com/@openzeppelin-contracts/4_2_0_22-01-2024_13:13:15_contracts.zip"
checksum = "20c74faf33b8c7fc25ced31e41740f3e1f80d5026c4f30b7dc33d9aa69a219d3"
integrity = "9acdb0fd01767fdea5e34a81df80bbf8dbe3fcbc7f9638345cda727013c6d478"

[[dependencies]]
name = "@openzeppelin-contracts-upgradeable"
version = "4.2.0"
url = "https://soldeer-revisions.s3.amazonaws.com/@openzeppelin-contracts-upgradeable/4_2_0_22-01-2024_13:14:24_contracts-upgradeable.zip"
checksum = "c61edebcb59ecfeee40f0709da8e7bdff491e3315ef6a9dad54ce9cb3c08023c"
integrity = "118a6dae8bf4abff0c94c301559a2621d0e9d26600c5bd98e26adb6ab2fce551"

[[dependencies]]
name = "account-abstraction"
version = "0.6.0"
git = "https://github.com/eth-infinitism/account-abstraction.git"
rev = "abff2aca61a8f0934e533d0d352978055fddbd96"

[[dependencies]]
name = "forge-std"
version = "1.9.3"
url = "https://soldeer-revisions.s3.amazonaws.com/forge-std/1_9_3_30-09-2024_08:27:09_forge-std-1.9.zip"
checksum = "351b6f9cde3d9476cc07e48c1bca6b7fd93fa16dd9b450e5ad5d169d1dbd5938"
integrity = "d53734fbd7201cd9e44de730ae045ed8958dd2c7b9493c30b322f6e6c21ca8b2"

[[dependencies]]
name = "openzeppelin-foundry-upgrades"
version = "0.3.6"
url = "https://soldeer-revisions.s3.amazonaws.com/openzeppelin-foundry-upgrades/0_3_6_24-09-2024_19:23:05_openzeppelin-foundry-upgrades.zip"
checksum = "b1d80d9d925e1ac56dfaba7ec59fc6223073c846e71510e963ab1756ccc49ca7"
integrity = "69389547d11a6726c75068d9d1539eb18ae52421054e366c86c53591be0ba4d7"
